version: 1
files:
  src\locales\en-US.json:
    common.add: ec211f7c20af43e742bf2570c3cb84f9
    common.addSuccess: 8a1163c6547ae93ed32ea258150de896
    common.edit: 7dce122004969d56ae2e0245cb754d35
    common.editSuccess: fe4e0032f69b4100ed143d475e8b5050
    common.delete: f2a6c498fb90ee345d997f888fce3b18
    common.deleteSuccess: 58a4570d784b0aa17536a43ec9ccbfa8
    common.save: c9cc8cce247e49bae79f15173ce97354
    common.test: 0cbc6611f5540bd0809a388dc95a615b
    common.reset: 526d688f37a86d3c3f27d0c5016eb71d
    common.action: 004bf6c9a40003140292e97330236c53
    common.export: 0095a9fa74d1713e43e370a7d7846224
    common.import: 72d6d7a1885885bb55a565fd1070581a
    common.importSuccess: 6dfce972d0629242bc72c7beb6060097
    common.clear: dc30bc0c7914db5918da4263fce93ad2
    common.clearSuccess: 25b175c627b98b35263d8973033b80da
    common.yes: 93cba07454f06a4a960172bbd6e2a435
    common.no: bafd7322c6e97d25b6299b5d6fe8920b
    common.confirm: 70d9be9b139893aa6c69b5e77e614311
    common.noData: ae73c4d1db318d09f4792e23f1b80584
    common.wrong: 5e2ac6e434c1718e01d970090cda8d0f
    common.success: 505a83f220c02df2f85c3810cd9ceb38
    common.register: 0ba7583639a274c434bbe6ef797115a4
    common.login: 99dea78007133396a7b8ed70578ac6ae
    common.notLoggedIn: 37c9ff0c20aa4d3a589ba25cdd4c0eaf
    common.logOut: 00b70403d95edc0b44989c90bc900268
    common.email: ce8ae9da5b7cd6c3df2929543a9af92d
    common.password: dc647eb65e6711e155375218212b3964
    common.passwordConfirm: 887f7db126221fe60d18c895d41dc8f6
    common.resetPassword: 6072e83b7f35887c76e64920bd370f4a
    common.resetPasswordMail: 8206b0b1895cf6d2df6ebc6d1a1c09c9
    common.auditTip: 540a4251864d9f1f3f01a796aa056000
    common.twoFA: 0c2ab6474ee7a6da3d6324bffb29ec95
    common.invalid: 4bbb8f967da6d1a610596d7257179c2b
    common.invalidFileFormat: 3aa09611c7c5ca24cdfdc2e51900c56e
    chat.newChatButton: 8fdf2f41c6ab2d02c8520230349e2a9b
    chat.placeholder: b8109903f43f6071ac41bee43e6b4ee5
    chat.placeholderMobile: 3249c556167e6389b7ca56b1037514e7
    chat.copy: 5fb63579fc981698f97d55bfecb213ea
    chat.copyCode: d0562a57162901bfd65662504c34ffc9
    chat.clearChat: 68c7881e426d1fcb55885b2aa7c98b7a
    chat.clearChatConfirm: a1fbec2f73f8fb961bf8fdb53afe3870
    chat.exportImage: 5a78b83e983323fd8490a792b212a2ae
    chat.exportImageConfirm: 586d07e432c747b380acfa620e710653
    chat.exportSuccess: 4991bc07d9a34dfe3f8929945fa236cb
    chat.exportFailed: 12d2df982ed50072142d0d97abfe0e35
    chat.turnOnContext: 0203eddd85472cac66034ec432dfccb8
    chat.turnOffContext: a9104c1ecfd61819f30ee3411d3fd8b3
    chat.turnOnSearch: d5a23678a2500d3fc075aef6366e68ae
    chat.turnOffSearch: aea4c3e5f3e605bed3e9a835afc72cd0
    chat.turnOnThink: c4b0efca155d77c98fb208830de6dd06
    chat.turnOffThink: 4058dda06136c7c3a179db00dc6894ff
    chat.clickTurnOnContext: 1966ca52a57812bd9a37e0df3f86178d
    chat.clickTurnOffContext: 30650910cb3f9b663e289f79927a9861
    chat.contextHelp: dd76e1464904856505bc299f497f8860
    chat.clickTurnOnSearch: 5a9cd59f5d1f71a64fc422bc07ab6ba3
    chat.clickTurnOffSearch: a8b3dbece733512bbf1f9719f374d95a
    chat.searchHelp: 2e4cf5d027722a64df638f5d650dcc87
    chat.clickTurnOnThink: c7dc992d48004338add85c8f1c6e96ae
    chat.clickTurnOffThink: 1c5bc01bd033df940d3f087a1d61f643
    chat.thinkHelp: a4a95ff4fcc565d2e8e4260fdac0b678
    chat.showOnContext: 794edc9fc6bc93a25689b605731b10d4
    chat.showOffContext: ce867619aa141263e37e45b16786bd2a
    chat.maxContextCount: 738ca57ac521789c69e76eb33109c6cd
    chat.searchEnabled: 7484575e22d4f050f24be2ab165ee15b
    chat.searchDisabled: 3218edd8e9998d1b882bb9ffa0cf1006
    chat.thinkEnabled: b841298ed809aff8b42af086c341b34d
    chat.thinkDisabled: 09585034e442c0d973bb44c4800d62b4
    chat.tools: 8625e1de7be14c39b1d14dc03d822497
    chat.imageUploadDisabled: 2a21777d38d16d6f0f678f3d50576ea7
    chat.imageUploadSuccess: 8fb6af06d7ad83a15a9c48117297f3ec
    chat.imageUploadFailed: d8d492ce44333d5eb7f68c0c32227810
    chat.invalidImageType: 6bd54969c4fc78a6c92f739c64109f71
    chat.deleteMessage: cebe7f8563dc727a93312398eecb4b8b
    chat.deleteMessageConfirm: 94b539dd17ff80a0d492d3efb4fe3883
    chat.deleteHistoryConfirm: c196aa74707652a3fe949601c9aa34c0
    chat.clearHistoryConfirm: 24e09871db8883703b9cada0574c2972
    chat.preview: 31fde7b05ac8952dacf4af8a704074ec
    chat.showRawText: cb9c7db9a86892a4d98eadb1511bf205
    chat.usageEstimate: 2ce37c92703f186e5d0e483cb38e5319
    chat.usagePrompt: 45d74bdb9de5d4f07a7b7eefac42610a
    chat.usageResponse: d64ed3e9c10229648e069f56e32f4c8e
    chat.usageTotal: 33976cb0b8ca508d588336160a2c5cdd
    chat.deleteKey: cd5c255e34555e34bdb73dfbab7157ea
    chat.deleteKeyConfirm: a76c182e1422b7addcb229597104ea51
    chat.thinking: e067b6f4f09910ce519d4a9e1a76b1d6
    chat.reasoningProcess: 13dc68e5b9f8af10c3b54a1d1dfddc56
    chat.noReasoningProcess: 797467f9d72dcf41895a590bc6f4da4f
    chat.expandCollapseReasoningProcess: b4f06198d1be1aa305a09b128f1ac2f0
    chat.searching: 843627586c62e389041a4d8800143974
    chat.searchQuery: 716b0837f9338b9b142140e31b5bba1a
    chat.searchUsageTime: 6ae010e646f120d5c13da976bf6aee10
    chat.expandCollapseSearchResults: 31e2da38b090f6abefb3bd612637c25a
    setting.overRide: be6c9a64b82273cab865a7e3eb198fc9
    setting.uploadGifts: e4754f75ba6924f2f9a926ec18d186b7
    setting.announceConfig: feb4d2dfe1b2a637fdfd9e397cc4735f
    setting.announceEnabled: 9621bc738c8df023aebec679e7b6599e
    setting.announceWords: ec5f75663f45cc685f07391c07f05f30
    setting.announceWordsPlaceholder: f82842b8a9ecf5beccf469bf2a326a78
    setting.globalAmount: ff1ee490da116829cb4ac02bb95ea569
    setting.limit_switch: af066eda42301842509b3e6dd69c688d
    setting.usageCountLimit: f63b06e01ba24836d783711b9a9baa8d
    setting.showWatermark: 5b1922391dc052e4c18ce7c08080280b
    setting.s3Enabled: 882fcb295b96dc6d97434f38ddec370d
    setting.s3AccessKeyId: 4356e9a17ebe7a998ccdd7941ded0b31
    setting.s3SecretAccessKey: dd3e3ce4a46ce581c8a9c659187f78ba
    setting.s3Region: f447ac856e7e72435904956e3b15f433
    setting.s3Bucket: 30edf70db68aa84f05d3e72326807b0c
    setting.s3Endpoint: 2a9f6c03c8171cff27cce4414b23bb6c
    setting.s3EndpointTip: 187ea8d28710c5e0cb18f297906af24d
    setting.s3PathPrefix: b8119e982e4cd740a04705a91c35ca96
    setting.s3PathPrefixTip: ca4d4af74641bc97569f913799988a1c
    setting.s3CustomDomain: a515385565035ad7709a892d0dcce57f
    setting.s3CustomDomainTip: e4b2fc641ff96f5c2e5657c21e26531b
    setting.redeemCardNo: 567e6f555e7177d5a541d5c4db927d79
    setting.useAmount: debb309aa2fd8ba1f0d2d9d9a0409ea6
    setting.setting: 51ac4bf63a0c6a9cefa7ba69b4154ef1
    setting.general: 0db377921f4ce762c62526131097968f
    setting.statistics: c33e404a441c6ba9648f88af3c68a1ca
    setting.config: 960abeb40c62f03824fd49eb7affb909
    setting.chatRecord: 91d6e7b08f5ec0d81672ee31651e4d01
    setting.view: 4351cfebe4b61d8aa5efa1d020710005
    setting.siteConfig: 6e2274ab7743592d7365797eb988a1a6
    setting.mailConfig: 1507b6df74a2be92ef20c97894b5629c
    setting.auditConfig: c89f917dacaa838d3d485237586f6d40
    setting.searchConfig: b419293f70d725f01ec86ef43f8b5d0e
    setting.avatarLink: 30ad0487090d36bee8020d25e62b8e46
    setting.name: 49ee3087348e8d44e1feda1917443987
    setting.description: b5a7adde1af5c87d7fd797b6245c2a39
    setting.saveUserInfo: e02aa4f60b8df1f0375be3f94cd34e01
    setting.chatHistory: 7be6798998790d6028204920cdd3dea1
    setting.theme: d721757161f7f70c5b0949fdb6ec2c30
    setting.language: 4994a8ffeba4ac3140beb89e8d41f174
    setting.api: db974238714ca8de634a7ce1d083a14f
    setting.reverseProxy: 7e209e624226488529de71948857417a
    setting.timeout: 098c92b901155c894d2dcec9d5b3e13e
    setting.socks: d1f9f76d3e8272930e1e89cf3d725e95
    setting.socksAuth: 138ad7ce981ddde2831e8792e2e0cf32
    setting.httpsProxy: a30d487cba7bb606c25dff818bef6be8
    setting.statisticsPeriod: f43ce7645e570b88dbec5066f8f544d9
    setting.statisticsPeriodToday: 1dd1c5fb7f25cd41b291d43a89e3aefd
    setting.statisticsPeriodLast7Days: 4b299435d7b213389dfcb754217ab570
    setting.statisticsPeriodLastWeek: 10a4eaa11191fab0a9b835c757946f96
    setting.statisticsPeriodLastMonth: 8dce9a09517e227ca7bb21da16be36a2
    setting.statisticsPeriodCurrentMonth: 8c3b61cbd24bf8c0daf91e2321960b9b
    setting.statisticsPeriodLast30Days: 015a82ad52283ebee50f2819fc99d3eb
    setting.exportByDate: 060bf87b8258ca7349585b33ff4f6dde
    setting.exportUsage: 0b45630a6535237f60fa9011e93d65f8
    setting.exportUsageTip: c6373e0c9ec5faae88bd5c33884d7c78
    setting.statisticsPrompt: 45d74bdb9de5d4f07a7b7eefac42610a
    setting.statisticsCompletion: d64ed3e9c10229648e069f56e32f4c8e
    setting.statisticsTotal: 96b0141273eabab320119c467cdcaf17
    setting.smtpHost: c2ca16d048ec66e04bca283eab048ec2
    setting.smtpPort: 60aaf44d4b562252c04db7f98497e9aa
    setting.smtpTsl: 78a64bb1bacefd5aedaf85d9ad5d4c5d
    setting.smtpUserName: 7e20d471144b1bff4e1f5d953e05ed15
    setting.smtpPassword: dc647eb65e6711e155375218212b3964
    setting.smtpFrom: 5da618e8e4b89c66fe86e32cdafde142
    setting.siteTitle: b78a3223503896721cca1303f776159b
    setting.siteDomain: eae639a70006feff484a39363c977e24
    setting.externalChatSites: d306b0cc4b09b1fe69b921d396e1b61e
    setting.externalModelName: 668445f09da337d276dc852bb6a0dbb3
    setting.registerEnabled: 4ac20d8d599e4ff3860df2690643dbe9
    setting.registerReview: 27356a336787dafc4bbcb71e6a8bd6de
    setting.registerMails: 9f880680c66df67003f09aaece74c625
    setting.registerReviewTip: d89eac7cd34762244ff62cb43d81ae8e
    setting.apiBaseUrl: 478702123e96cb30a412564458f606b1
    setting.apiModel: 5e115004cd67947bda22e0c47064304f
    setting.loginEnabled: d68838a81fd45656234671994959516b
    setting.loginSalt: 960110ab4757db912321b21cb47d41e8
    setting.loginSaltTip: acd5e355b8af6dfc67bab18677c41163
    setting.auditEnabled: b331793792760275d31d140e4e2cdeb1
    setting.auditProvider: 27703c8f150ac4bb0a3a83a7857353af
    setting.auditApiKey: 2e5e61c17add3609c6786a4c9ce1a279
    setting.auditApiSecret: 6ce158c5f8ca4940cb8ea2a96160ce8e
    setting.auditTest: f1feeaa3d698685b6a6179520449e206
    setting.auditBaiduLabel: b021df6aac4654c454f46c77646e745f
    setting.auditBaiduLabelTip: 808fd40d5d288b8fc7515e3733b1b68b
    setting.auditBaiduLabelLink: 1bf1622fe8768198b3f70feccf33ae86
    setting.auditCustomizeEnabled: 63a78ed4647f7c63c2929e35ec1c95e3
    setting.auditCustomizeWords: 9030bf3b2548c390df019005ee118ab3
    setting.searchEnabled: dec9f70178c1cf14258b7b520a57aae5
    setting.searchProvider: 4f144a949c9b1085078e54127de01cd4
    setting.searchApiKey: d140ed5a93aebe9ef1a667e6c8c1703e
    setting.searchMaxResults: 1db055a63aa2505dd794701bdcbe1e7a
    setting.searchIncludeRawContent: 7049bee3e923ed6ad34e4ff75c59d7d6
    setting.systemMessageWithSearchResult: c5e6207259df7df6309f1452b6a5c214
    setting.systemMessageGetSearchQuery: 41ac178b3199d849b78a39bd07c4103c
    setting.systemMessageWithSearchResultPlaceholder: ca1d8b0abff007a112f4db1744f17d83
    setting.systemMessageGetSearchQueryPlaceholder: 53ce9a71e5e7fce340886fa2e67238af
    setting.searchTest: 8e286e31aae467e9c0aee187e9ee8493
    setting.userConfig: f9aae5fda8d810a29f12d1e61b4ab25f
    setting.model.management: 91b1b37b69d7ad9860e7cc22056e1cf0
    setting.model.apiKeyRequired: 15ed027711d5392447a5cf5aadb9ab60
    setting.model.defaultThinkEnabled: 17a1f012a3963d021f6719cfc586d26f
    setting.model.defaultSearchEnabled: 627dcf2ec89da9ce99939516fa9227fa
    setting.model.table.key: 897356954c2cd3d41b221e3f24f99bba
    setting.model.table.apiModel: 0f6849229893bf447a6edd9c711aed59
    setting.model.table.baseUrl: ade86bc4899761ad46c52e381b6228bb
    setting.model.table.chatModel: 25af556896303cdf7b2b43de57144767
    setting.model.table.alias: 250124701317952e0c6eaef35fe6680b
    setting.model.table.userRoles: 7cc2d2e46cec80108de65235b279edea
    setting.model.table.remark: 91921ada405fd6ba65dff028df047cb6
    setting.model.table.action: 06df33001c1d7187fdd81ea1f5b277aa
    setting.builtInPromptConfig: 4254538d2030c584f3002dbcb041c622
    setting.builtInPromptDeleteConfirm: ba1df540eeb3e2dd5f9d41a9d22f42c7
    setting.userRoles: 7bc31a95e4a1ee6f8948af20440df0c6
    setting.status: ec53a8c4f07baed5d8825072c89799be
    setting.chatModels: 30718de8b4f559e16c324ebea248e357
    setting.modelAlias: 250124701317952e0c6eaef35fe6680b
    setting.imageUpload: 77d2a4ead423f5e1725499c4ba262bc9
    setting.inputFidelity: 2ea5252325dd6f681ff0382512273105
    setting.quality: 571094bb27864b600d8e6b561a137a55
    setting.imageModel: c052c12da8078ff690a82bdf79b721ea
    setting.low: 28d0edd045e05cf5af64e35ae0c4c6ef
    setting.medium: 87f8a6ab85c9ced3702b4ea641ad4bb5
    setting.high: 655d20c1ca69519ca647684edbb2db35
    setting.defaultChatModel: 460e3381c2fda70c999df4ef8efde6b8
    setting.remark: 91921ada405fd6ba65dff028df047cb6
    setting.email: ce8ae9da5b7cd6c3df2929543a9af92d
    setting.password: dc647eb65e6711e155375218212b3964
    setting.passwordConfig: dc647eb65e6711e155375218212b3964
    setting.oldPassword: f56aa590295b9637c7ffe19697853b17
    setting.newPassword: ae3bb2a1ac61750150b606298091d38a
    setting.confirmNewPassword: 887f7db126221fe60d18c895d41dc8f6
    setting.twoFAConfig: 42068b6ea5d5ad490ca32cb8c268c03b
    setting.disable2FA: 9e4ed0ff468bd3c56589efad78be7a51
    setting.enable2FA: 6e4229df6c74c56bcc6faec8f372f232
    setting.info2FA: fc9e914065d6617847ff0b5a9ad71e0d
    setting.status2FA: f9134937ba5da4d91eead723aee72481
    setting.status2FAClosed: 03f4a47830f97377a35321051685071e
    setting.status2FAOpened: 1a11b1adc359c03db0ca798a00e2632c
    setting.info2FAStep1: 32963c0c7b40b012699aae47c343bf84
    setting.info2FAStep1Desc: 23fc5bb1cf1c71ca905d9d4b66d34428
    setting.info2FAStep2: 8af3ad048f2e74c0df9a1cde14f7d4c0
    setting.info2FAStep2Desc: 1a650d916447f5e7a3ba68af991dcc63
    setting.info2FAStep2Tip: 582f8a2f2fa7329c9facc6f3f5bce42c
    setting.info2FAStep2TipAccount: 08bd40c7543007ad06e4fce31618f6ec
    setting.info2FAStep2TipSecret: 1e6947ac7fb3a9529a9726eb692c8cc5
    setting.info2FAStep3: 450beb713cbb30ada85c3797efa1413c
    setting.info2FAStep3Desc: 2ae76f08e77e252cfc5c9e2476a6ec04
    setting.info2FAStep3Tip1: 3061a8281dc3b3c02a2f7c63bdc97c16
    setting.info2FAStep3Tip2: 042c1bed452b84c1a41d4ed11cd0f27f
    setting.info2FAStep3Tip3: 5969f0e0e123679b5e2134bd0bd3bb15
    setting.maxContextCount: 45a6eaeff00271055ce93abbcc674aed
    setting.fastDelMsg: 0581636ff333b70ea37725eba52e64d3
    setting.user.searchUser: 13348442cc6a27032d2b4aa28b75a5d3
    setting.user.searchUserPlaceholder: e2ede8fbf8a59a0ab137098102429a9a
    setting.user.deleteUser: 516b10a278973a17f07da3f0c016af84
    setting.user.deleteUserConfirm: 67f3bf3c08860620b389d48fbf024f98
    setting.user.verifiedUser: 72faaa7ca75d66ba201fc7a4835b6de1
    setting.user.disable2FA: 9e4ed0ff468bd3c56589efad78be7a51
    setting.user.disable2FAConfirm: fdfd185ab49476ddaa562687c8e07b1d
    setting.user.email: ce8ae9da5b7cd6c3df2929543a9af92d
    setting.user.registerTime: 4d12179a50ba2f7a82c49230ead3006a
    setting.user.verifyTime: 25a501a79c44efe19023931fbffc4d07
    setting.user.roles: a5cd3ed116608dac017f14c046ea56bf
    setting.user.status: ec53a8c4f07baed5d8825072c89799be
    setting.user.remark: 91921ada405fd6ba65dff028df047cb6
    setting.user.limitEnabled: 57a646f472eff171fa1866cfa1ba6d35
    setting.user.amounts: d3968fe61a2b33f02e9cd8606b029a57
    setting.user.action: 004bf6c9a40003140292e97330236c53
    setting.user.total: 96b0141273eabab320119c467cdcaf17
    setting.passwodSame: 8c9ae6caa86c026768fd73ed1ee68e07
    setting.validatePasswordStartWith: 01b0a98f830ff7741deeac3f4b6aac62
    store.siderButton: d3f7dace870f4fe01e5d7546daf52964
    store.type: a1fa27779242b4902f7ae3bdd5c6d508
    store.sort: 6b46ae48421828d9973deec5fa9aa0c3
    store.drag: ae09f9ab8db40eae15b0533f0eced670
    store.moveTop: 727b701bcc5f26422461f10c07a58d48
    store.moveBottom: ad2ac1967f0165ebf04a84bc1819e0de
    store.title: b78a3223503896721cca1303f776159b
    store.description: b5a7adde1af5c87d7fd797b6245c2a39
    store.clearStoreConfirm: 57024876b8fcd6f57c51f71ab3cc17a8
    store.importPlaceholder: 8d6581fea49bb9c1d2be487815c1c499
    store.addRepeatTitleTips: 4b1e28a6697312ad4b920985e7d5e94d
    store.addRepeatContentTips: 8f04b03aa0c38b6d924c81a08b833aaf
    store.editRepeatTitleTips: 06ad3ee28db20d442148a6572330184a
    store.editRepeatContentTips: 262d82bb4dcd78903d9b4d1fa80c6ec5
    store.importError: 3b3e68dd131432e8ba68a90e021aa9f7
    store.importRepeatTitle: 67baffb7cf714224048f6c891bf7f609
    store.importRepeatContent: 38c5633fa01566c536604106e78ea4e8
    store.builtIn: f09090e6eca8bb5cc1a878687719625a
    store.userDefined: e6701626042f4cdbbf1f1c07c89b1577
